# @generated - this file is auto-generated by `mise lock` https://mise.en.dev/dev-tools/mise-lock.html

[[tools."aqua:cargo-bins/cargo-binstall"]]
version = "1.18.1"
backend = "aqua:cargo-bins/cargo-binstall"

[tools."aqua:cargo-bins/cargo-binstall"."platforms.linux-arm64"]
checksum = "sha256:c55962a0115f9716b709216de7f8bdd59d6ba8738779e60b051b4593f677717a"
url = "https://github.com/cargo-bins/cargo-binstall/releases/download/v1.18.1/cargo-binstall-aarch64-unknown-linux-musl.tgz"

[tools."aqua:cargo-bins/cargo-binstall"."platforms.linux-arm64-musl"]
checksum = "sha256:c55962a0115f9716b709216de7f8bdd59d6ba8738779e60b051b4593f677717a"
url = "https://github.com/cargo-bins/cargo-binstall/releases/download/v1.18.1/cargo-binstall-aarch64-unknown-linux-musl.tgz"

[tools."aqua:cargo-bins/cargo-binstall"."platforms.linux-x64"]
checksum = "sha256:cf2a4b54494ea8555d6349685e9a301efc1051d9fba6308c76914b2486f8700f"
url = "https://github.com/cargo-bins/cargo-binstall/releases/download/v1.18.1/cargo-binstall-x86_64-unknown-linux-musl.tgz"

[tools."aqua:cargo-bins/cargo-binstall"."platforms.linux-x64-baseline"]
checksum = "sha256:cf2a4b54494ea8555d6349685e9a301efc1051d9fba6308c76914b2486f8700f"
url = "https://github.com/cargo-bins/cargo-binstall/releases/download/v1.18.1/cargo-binstall-x86_64-unknown-linux-musl.tgz"

[tools."aqua:cargo-bins/cargo-binstall"."platforms.linux-x64-musl"]
checksum = "sha256:cf2a4b54494ea8555d6349685e9a301efc1051d9fba6308c76914b2486f8700f"
url = "https://github.com/cargo-bins/cargo-binstall/releases/download/v1.18.1/cargo-binstall-x86_64-unknown-linux-musl.tgz"

[tools."aqua:cargo-bins/cargo-binstall"."platforms.linux-x64-musl-baseline"]
checksum = "sha256:cf2a4b54494ea8555d6349685e9a301efc1051d9fba6308c76914b2486f8700f"
url = "https://github.com/cargo-bins/cargo-binstall/releases/download/v1.18.1/cargo-binstall-x86_64-unknown-linux-musl.tgz"

[tools."aqua:cargo-bins/cargo-binstall"."platforms.macos-arm64"]
checksum = "sha256:955abf167994c90f3547e233edace4c0f794465dd4aa408249b38999aa5ca3cf"
url = "https://github.com/cargo-bins/cargo-binstall/releases/download/v1.18.1/cargo-binstall-aarch64-apple-darwin.zip"

[tools."aqua:cargo-bins/cargo-binstall"."platforms.macos-x64"]
checksum = "sha256:e06370bec7143668653bb7c09d0b8b689fc703dd4fa58ec5847c4b571d8a490d"
url = "https://github.com/cargo-bins/cargo-binstall/releases/download/v1.18.1/cargo-binstall-x86_64-apple-darwin.zip"

[tools."aqua:cargo-bins/cargo-binstall"."platforms.macos-x64-baseline"]
checksum = "sha256:e06370bec7143668653bb7c09d0b8b689fc703dd4fa58ec5847c4b571d8a490d"
url = "https://github.com/cargo-bins/cargo-binstall/releases/download/v1.18.1/cargo-binstall-x86_64-apple-darwin.zip"

[tools."aqua:cargo-bins/cargo-binstall"."platforms.windows-x64"]
checksum = "sha256:89706aa5215c164d8d091597a470fee72308ac87e8553af395ea77db844a888c"
url = "https://github.com/cargo-bins/cargo-binstall/releases/download/v1.18.1/cargo-binstall-x86_64-pc-windows-msvc.zip"

[tools."aqua:cargo-bins/cargo-binstall"."platforms.windows-x64-baseline"]
checksum = "sha256:89706aa5215c164d8d091597a470fee72308ac87e8553af395ea77db844a888c"
url = "https://github.com/cargo-bins/cargo-binstall/releases/download/v1.18.1/cargo-binstall-x86_64-pc-windows-msvc.zip"

[[tools.bat]]
version = "0.26.1"
backend = "aqua:sharkdp/bat"

[tools.bat."platforms.linux-arm64"]
checksum = "sha256:6369242c584065f195fb20cb36fbd7cb63ae690605bbe89868a7596b596c2c23"
url = "https://github.com/sharkdp/bat/releases/download/v0.26.1/bat-v0.26.1-aarch64-unknown-linux-musl.tar.gz"

[tools.bat."platforms.linux-arm64-musl"]
checksum = "sha256:6369242c584065f195fb20cb36fbd7cb63ae690605bbe89868a7596b596c2c23"
url = "https://github.com/sharkdp/bat/releases/download/v0.26.1/bat-v0.26.1-aarch64-unknown-linux-musl.tar.gz"

[tools.bat."platforms.linux-x64"]
checksum = "sha256:0dcd8ac79732c0d5b136f11f4ee00e581440e16a44eab5b3105b611bbf2cf191"
url = "https://github.com/sharkdp/bat/releases/download/v0.26.1/bat-v0.26.1-x86_64-unknown-linux-musl.tar.gz"

[tools.bat."platforms.linux-x64-baseline"]
checksum = "sha256:0dcd8ac79732c0d5b136f11f4ee00e581440e16a44eab5b3105b611bbf2cf191"
url = "https://github.com/sharkdp/bat/releases/download/v0.26.1/bat-v0.26.1-x86_64-unknown-linux-musl.tar.gz"

[tools.bat."platforms.linux-x64-musl"]
checksum = "sha256:0dcd8ac79732c0d5b136f11f4ee00e581440e16a44eab5b3105b611bbf2cf191"
url = "https://github.com/sharkdp/bat/releases/download/v0.26.1/bat-v0.26.1-x86_64-unknown-linux-musl.tar.gz"

[tools.bat."platforms.linux-x64-musl-baseline"]
checksum = "sha256:0dcd8ac79732c0d5b136f11f4ee00e581440e16a44eab5b3105b611bbf2cf191"
url = "https://github.com/sharkdp/bat/releases/download/v0.26.1/bat-v0.26.1-x86_64-unknown-linux-musl.tar.gz"

[tools.bat."platforms.macos-arm64"]
checksum = "sha256:e30beff26779c9bf60bb541e1d79046250cb74378f2757f8eb250afddb19e114"
url = "https://github.com/sharkdp/bat/releases/download/v0.26.1/bat-v0.26.1-aarch64-apple-darwin.tar.gz"

[tools.bat."platforms.macos-x64"]
checksum = "sha256:830d63b0bba1fa040542ec569e3cf77f60d3356b9de75116a344b061e0894245"
url = "https://github.com/sharkdp/bat/releases/download/v0.26.1/bat-v0.26.1-x86_64-apple-darwin.tar.gz"

[tools.bat."platforms.macos-x64-baseline"]
checksum = "sha256:830d63b0bba1fa040542ec569e3cf77f60d3356b9de75116a344b061e0894245"
url = "https://github.com/sharkdp/bat/releases/download/v0.26.1/bat-v0.26.1-x86_64-apple-darwin.tar.gz"

[tools.bat."platforms.windows-x64"]
checksum = "sha256:0f729b4b6f5f28d395c641eacc2e9ff68d0096b85aa0eec344aa62425144b69b"
url = "https://github.com/sharkdp/bat/releases/download/v0.26.1/bat-v0.26.1-x86_64-pc-windows-msvc.zip"

[tools.bat."platforms.windows-x64-baseline"]
checksum = "sha256:0f729b4b6f5f28d395c641eacc2e9ff68d0096b85aa0eec344aa62425144b69b"
url = "https://github.com/sharkdp/bat/releases/download/v0.26.1/bat-v0.26.1-x86_64-pc-windows-msvc.zip"

[[tools.bun]]
version = "1.3.13"
backend = "core:bun"

[tools.bun."platforms.linux-arm64"]
checksum = "sha256:70bae41b3908b0a120e1e58c5c8af30e74afae3b8d11b0d3fdd8e787ddfb4b22"
url = "https://github.com/oven-sh/bun/releases/download/bun-v1.3.13/bun-linux-aarch64.zip"

[tools.bun."platforms.linux-arm64-musl"]
checksum = "sha256:5385e978107ce4934298d8d6afe9bfbb898683f6cc23e6753a0da60bc60c5b81"
url = "https://github.com/oven-sh/bun/releases/download/bun-v1.3.13/bun-linux-aarch64-musl.zip"

[tools.bun."platforms.linux-x64"]
checksum = "sha256:79c0771fa8b92c33aae41e15a0e0d307ea99d0e2f00317c71c6c53237a78e25a"
url = "https://github.com/oven-sh/bun/releases/download/bun-v1.3.13/bun-linux-x64.zip"

[tools.bun."platforms.linux-x64-baseline"]
checksum = "sha256:9d8a24292a7068090205daac0a5a223f5f69736f5287e37bf88d3b4031edc750"
url = "https://github.com/oven-sh/bun/releases/download/bun-v1.3.13/bun-linux-x64-baseline.zip"

[tools.bun."platforms.linux-x64-musl"]
checksum = "sha256:5b91a48f0b00df9fd2da8bff1a795d2659d842da966432969203f25da19d1c74"
url = "https://github.com/oven-sh/bun/releases/download/bun-v1.3.13/bun-linux-x64-musl.zip"

[tools.bun."platforms.linux-x64-musl-baseline"]
checksum = "sha256:88ca7c7ad235b498f549eea2f770f434e9f0f5e9ba95168a2d3a1f235184c394"
url = "https://github.com/oven-sh/bun/releases/download/bun-v1.3.13/bun-linux-x64-musl-baseline.zip"

[tools.bun."platforms.macos-arm64"]
checksum = "sha256:5467e3f65dba526b9fea98f0cce04efafc0c63e169733ec27b876a3ad32da190"
url = "https://github.com/oven-sh/bun/releases/download/bun-v1.3.13/bun-darwin-aarch64.zip"

[tools.bun."platforms.macos-x64"]
checksum = "sha256:e5a6c8b64f419925232d111ecb13e25f0abf55e54f792341f987623fd0778009"
url = "https://github.com/oven-sh/bun/releases/download/bun-v1.3.13/bun-darwin-x64.zip"

[tools.bun."platforms.macos-x64-baseline"]
checksum = "sha256:a98ba6a480f22fda9b343626b906a4e26aa53618bf85d2bc5928ecf2ba45f0ed"
url = "https://github.com/oven-sh/bun/releases/download/bun-v1.3.13/bun-darwin-x64-baseline.zip"

[tools.bun."platforms.windows-x64"]
checksum = "sha256:85b14f3e0584218e9b63407b3aa6b90c4835ec5c32435c1f12cb6fc13667c7c9"
url = "https://github.com/oven-sh/bun/releases/download/bun-v1.3.13/bun-windows-x64.zip"

[tools.bun."platforms.windows-x64-baseline"]
checksum = "sha256:c68c7903c1190101590cc1b2129835f47211b3b37ae87759f2b97d6534aa3ad1"
url = "https://github.com/oven-sh/bun/releases/download/bun-v1.3.13/bun-windows-x64-baseline.zip"

[[tools."cargo:cargo-cooldown"]]
version = "0.3.0"
backend = "cargo:cargo-cooldown"

[[tools."cargo:cargo-deny"]]
version = "0.19.4"
backend = "cargo:cargo-deny"

[[tools.cocogitto]]
version = "7.0.0"
backend = "aqua:cocogitto/cocogitto"

[tools.cocogitto."platforms.linux-arm64"]
checksum = "sha256:379949f50c4f8245ef9532913e83f351c048b55e40ebd52ed8a850642c07a753"
url = "https://github.com/cocogitto/cocogitto/releases/download/7.0.0/cocogitto-7.0.0-aarch64-unknown-linux-gnu.tar.gz"

[tools.cocogitto."platforms.linux-arm64-musl"]
checksum = "sha256:379949f50c4f8245ef9532913e83f351c048b55e40ebd52ed8a850642c07a753"
url = "https://github.com/cocogitto/cocogitto/releases/download/7.0.0/cocogitto-7.0.0-aarch64-unknown-linux-gnu.tar.gz"

[tools.cocogitto."platforms.linux-x64"]
checksum = "sha256:e03938ff2c4c86d71c00c0f3284dbbe95c5ca76fe34a51f33e945c23010d59bb"
url = "https://github.com/cocogitto/cocogitto/releases/download/7.0.0/cocogitto-7.0.0-x86_64-unknown-linux-musl.tar.gz"

[tools.cocogitto."platforms.linux-x64-baseline"]
checksum = "sha256:e03938ff2c4c86d71c00c0f3284dbbe95c5ca76fe34a51f33e945c23010d59bb"
url = "https://github.com/cocogitto/cocogitto/releases/download/7.0.0/cocogitto-7.0.0-x86_64-unknown-linux-musl.tar.gz"

[tools.cocogitto."platforms.linux-x64-musl"]
checksum = "sha256:e03938ff2c4c86d71c00c0f3284dbbe95c5ca76fe34a51f33e945c23010d59bb"
url = "https://github.com/cocogitto/cocogitto/releases/download/7.0.0/cocogitto-7.0.0-x86_64-unknown-linux-musl.tar.gz"

[tools.cocogitto."platforms.linux-x64-musl-baseline"]
checksum = "sha256:e03938ff2c4c86d71c00c0f3284dbbe95c5ca76fe34a51f33e945c23010d59bb"
url = "https://github.com/cocogitto/cocogitto/releases/download/7.0.0/cocogitto-7.0.0-x86_64-unknown-linux-musl.tar.gz"

[tools.cocogitto."platforms.macos-arm64"]
checksum = "sha256:429303b6d68c6461aa221ab4de82b26d0bbcdee7127947ea9c7c411ab9bc574c"
url = "https://github.com/cocogitto/cocogitto/releases/download/7.0.0/cocogitto-7.0.0-aarch64-apple-darwin.tar.gz"

[tools.cocogitto."platforms.macos-x64"]
checksum = "sha256:591dcd462e2e35ecc21caf41a15a65d464b7ce1ce8a5c299fa0d46a7798dddb0"
url = "https://github.com/cocogitto/cocogitto/releases/download/7.0.0/cocogitto-7.0.0-x86_64-apple-darwin.tar.gz"

[tools.cocogitto."platforms.macos-x64-baseline"]
checksum = "sha256:591dcd462e2e35ecc21caf41a15a65d464b7ce1ce8a5c299fa0d46a7798dddb0"
url = "https://github.com/cocogitto/cocogitto/releases/download/7.0.0/cocogitto-7.0.0-x86_64-apple-darwin.tar.gz"

[tools.cocogitto."platforms.windows-x64"]
checksum = "sha256:074f68f05d270da5c0d69d3e234ec362bec4c6e3189c21d1c948d038603655d7"
url = "https://github.com/cocogitto/cocogitto/releases/download/7.0.0/cocogitto-7.0.0-x86_64-pc-windows-msvc.tar.gz"

[tools.cocogitto."platforms.windows-x64-baseline"]
checksum = "sha256:074f68f05d270da5c0d69d3e234ec362bec4c6e3189c21d1c948d038603655d7"
url = "https://github.com/cocogitto/cocogitto/releases/download/7.0.0/cocogitto-7.0.0-x86_64-pc-windows-msvc.tar.gz"

[[tools.lefthook]]
version = "2.1.6"
backend = "aqua:evilmartians/lefthook"

[tools.lefthook."platforms.linux-arm64"]
checksum = "sha256:f85cc031da8e3571418170ab53f1e6e184a086b58683e13660bd5248974159a4"
url = "https://github.com/evilmartians/lefthook/releases/download/v2.1.6/lefthook_2.1.6_Linux_aarch64.gz"
provenance = "github-attestations"

[tools.lefthook."platforms.linux-arm64-musl"]
checksum = "sha256:f85cc031da8e3571418170ab53f1e6e184a086b58683e13660bd5248974159a4"
url = "https://github.com/evilmartians/lefthook/releases/download/v2.1.6/lefthook_2.1.6_Linux_aarch64.gz"
provenance = "github-attestations"

[tools.lefthook."platforms.linux-x64"]
checksum = "sha256:fab3d2715a922d9625c9024e6ffb6e1271edd613aa9b213c2049482cde8ae183"
url = "https://github.com/evilmartians/lefthook/releases/download/v2.1.6/lefthook_2.1.6_Linux_x86_64.gz"
provenance = "github-attestations"

[tools.lefthook."platforms.linux-x64-baseline"]
checksum = "sha256:fab3d2715a922d9625c9024e6ffb6e1271edd613aa9b213c2049482cde8ae183"
url = "https://github.com/evilmartians/lefthook/releases/download/v2.1.6/lefthook_2.1.6_Linux_x86_64.gz"
provenance = "github-attestations"

[tools.lefthook."platforms.linux-x64-musl"]
checksum = "sha256:fab3d2715a922d9625c9024e6ffb6e1271edd613aa9b213c2049482cde8ae183"
url = "https://github.com/evilmartians/lefthook/releases/download/v2.1.6/lefthook_2.1.6_Linux_x86_64.gz"
provenance = "github-attestations"

[tools.lefthook."platforms.linux-x64-musl-baseline"]
checksum = "sha256:fab3d2715a922d9625c9024e6ffb6e1271edd613aa9b213c2049482cde8ae183"
url = "https://github.com/evilmartians/lefthook/releases/download/v2.1.6/lefthook_2.1.6_Linux_x86_64.gz"
provenance = "github-attestations"

[tools.lefthook."platforms.macos-arm64"]
checksum = "sha256:f07c97c32376749edb5b34179c16c6d87dd3e7ca0040aee911f38c821de0daab"
url = "https://github.com/evilmartians/lefthook/releases/download/v2.1.6/lefthook_2.1.6_MacOS_arm64.gz"
provenance = "github-attestations"

[tools.lefthook."platforms.macos-x64"]
checksum = "sha256:93c6d51823f94a7f26a2bbb84f59504378b178f55d6c90744169693ed3e89013"
url = "https://github.com/evilmartians/lefthook/releases/download/v2.1.6/lefthook_2.1.6_MacOS_x86_64.gz"
provenance = "github-attestations"

[tools.lefthook."platforms.macos-x64-baseline"]
checksum = "sha256:93c6d51823f94a7f26a2bbb84f59504378b178f55d6c90744169693ed3e89013"
url = "https://github.com/evilmartians/lefthook/releases/download/v2.1.6/lefthook_2.1.6_MacOS_x86_64.gz"
provenance = "github-attestations"

[tools.lefthook."platforms.windows-x64"]
checksum = "sha256:6704b01a72414affcc921740a7d6c621fe60c3082b291c9730900a2c6a352516"
url = "https://github.com/evilmartians/lefthook/releases/download/v2.1.6/lefthook_2.1.6_Windows_x86_64.gz"
provenance = "github-attestations"

[tools.lefthook."platforms.windows-x64-baseline"]
checksum = "sha256:6704b01a72414affcc921740a7d6c621fe60c3082b291c9730900a2c6a352516"
url = "https://github.com/evilmartians/lefthook/releases/download/v2.1.6/lefthook_2.1.6_Windows_x86_64.gz"
provenance = "github-attestations"

[[tools.neovim]]
version = "stable"
backend = "vfox:mise-plugins/vfox-neovim"

[tools.neovim."platforms.linux-arm64"]
url = "https://github.com/neovim/neovim/releases/download/stable/nvim-linux-arm64.tar.gz"

[tools.neovim."platforms.linux-arm64-musl"]
url = "https://github.com/neovim/neovim/releases/download/stable/nvim-linux-arm64.tar.gz"

[tools.neovim."platforms.linux-x64"]
url = "https://github.com/neovim/neovim/releases/download/stable/nvim-linux-x86_64.tar.gz"

[tools.neovim."platforms.linux-x64-baseline"]
url = "https://github.com/neovim/neovim/releases/download/stable/nvim-linux-x86_64.tar.gz"

[tools.neovim."platforms.linux-x64-musl"]
url = "https://github.com/neovim/neovim/releases/download/stable/nvim-linux-x86_64.tar.gz"

[tools.neovim."platforms.linux-x64-musl-baseline"]
url = "https://github.com/neovim/neovim/releases/download/stable/nvim-linux-x86_64.tar.gz"

[tools.neovim."platforms.macos-arm64"]
url = "https://github.com/neovim/neovim/releases/download/stable/nvim-macos-arm64.tar.gz"

[tools.neovim."platforms.macos-x64"]
url = "https://github.com/neovim/neovim/releases/download/stable/nvim-macos-x86_64.tar.gz"

[tools.neovim."platforms.macos-x64-baseline"]
url = "https://github.com/neovim/neovim/releases/download/stable/nvim-macos-x86_64.tar.gz"

[tools.neovim."platforms.windows-x64"]
url = "https://github.com/neovim/neovim/releases/download/stable/nvim-win64.zip"

[tools.neovim."platforms.windows-x64-baseline"]
url = "https://github.com/neovim/neovim/releases/download/stable/nvim-win64.zip"

[[tools.rust]]
version = "1.93.1"
backend = "core:rust"
